
Microsoft Visual Studio Solution File, Format Version 12.00
# Visual Studio 2012
Project("{FAE04EC0-301F-11D3-BF4B-00C04F79EFBC}") = "EveryDayNote", "EveryDayNote\EveryDayNote.csproj", "{6424FFED-34AD-453F-A35E-AEBFE9475143}"
EndProject
Project("{FAE04EC0-301F-11D3-BF4B-00C04F79EFBC}") = "EveryDayNoteLib", "EveryDayNoteLib\EveryDayNoteLib.csproj", "{02011674-87D9-433E-9A53-A03B5466A8C6}"
EndProject
Project("{2150E333-8FDC-42A3-9474-1A3956D46DE8}") = ".nuget", ".nuget", "{FDC5D68D-D2B9-4C76-B90E-598AB70DA10B}"
	ProjectSection(SolutionItems) = preProject
		.nuget\packages.config = .nuget\packages.config
	EndProjectSection
EndProject
Project("{FAE04EC0-301F-11D3-BF4B-00C04F79EFBC}") = "UserControls", "UserControls\UserControls.csproj", "{640CB49B-0107-4C39-85AC-D8720FC241CB}"
EndProject
Global
	GlobalSection(SolutionConfigurationPlatforms) = preSolution
		Debug|Any CPU = Debug|Any CPU
		Release|Any CPU = Release|Any CPU
	EndGlobalSection
	GlobalSection(ProjectConfigurationPlatforms) = postSolution
		{6424FFED-34AD-453F-A35E-AEBFE9475143}.Debug|Any CPU.ActiveCfg = Debug|Any CPU
		{6424FFED-34AD-453F-A35E-AEBFE9475143}.Debug|Any CPU.Build.0 = Debug|Any CPU
		{6424FFED-34AD-453F-A35E-AEBFE9475143}.Release|Any CPU.ActiveCfg = Release|Any CPU
		{6424FFED-34AD-453F-A35E-AEBFE9475143}.Release|Any CPU.Build.0 = Release|Any CPU
		{02011674-87D9-433E-9A53-A03B5466A8C6}.Debug|Any CPU.ActiveCfg = Debug|Any CPU
		{02011674-87D9-433E-9A53-A03B5466A8C6}.Debug|Any CPU.Build.0 = Debug|Any CPU
		{02011674-87D9-433E-9A53-A03B5466A8C6}.Release|Any CPU.ActiveCfg = Release|Any CPU
		{02011674-87D9-433E-9A53-A03B5466A8C6}.Release|Any CPU.Build.0 = Release|Any CPU
		{640CB49B-0107-4C39-85AC-D8720FC241CB}.Debug|Any CPU.ActiveCfg = Debug|Any CPU
		{640CB49B-0107-4C39-85AC-D8720FC241CB}.Debug|Any CPU.Build.0 = Debug|Any CPU
		{640CB49B-0107-4C39-85AC-D8720FC241CB}.Release|Any CPU.ActiveCfg = Release|Any CPU
		{640CB49B-0107-4C39-85AC-D8720FC241CB}.Release|Any CPU.Build.0 = Release|Any CPU
	EndGlobalSection
	GlobalSection(SolutionProperties) = preSolution
		HideSolutionNode = FALSE
	EndGlobalSection
EndGlobal
